
Microsoft Visual Studio Solution File, Format Version 10.00
# Visual Studio 2008
Project("{8BC9CEB8-8B4A-11D0-8D11-00A0C91BC942}") = "library", "library\library.vcproj", "{DDBA684B-55F2-43A0-84B9-F12E21034627}"
EndProject
Global
	GlobalSection(SolutionConfigurationPlatforms) = preSolution
		Debug|Win32 = Debug|Win32
		Release|Win32 = Release|Win32
	EndGlobalSection
	GlobalSection(ProjectConfigurationPlatforms) = postSolution
		{DDBA684B-55F2-43A0-84B9-F12E21034627}.Debug|Win32.ActiveCfg = Debug|Win32
		{DDBA684B-55F2-43A0-84B9-F12E21034627}.Debug|Win32.Build.0 = Debug|Win32
		{DDBA684B-55F2-43A0-84B9-F12E21034627}.Release|Win32.ActiveCfg = Release|Win32
		{DDBA684B-55F2-43A0-84B9-F12E21034627}.Release|Win32.Build.0 = Release|Win32
	EndGlobalSection
	GlobalSection(SolutionProperties) = preSolution
		HideSolutionNode = FALSE
	EndGlobalSection
EndGlobal
